
Microsoft Visual Studio Solution File, Format Version 12.00
# Visual Studio 15
Project("{FAE04EC0-301F-11D3-BF4B-00C04F79EFBC}") = "Assembly-CSharp", "Assembly-CSharp.csproj", "{AAFF3F8C-CE01-BFD7-C595-7DB48F8A3822}"
EndProject
Global
	GlobalSection(SolutionConfigurationPlatforms) = preSolution
		Debug|Any CPU = Debug|Any CPU
		Release|Any CPU = Release|Any CPU
	EndGlobalSection
	GlobalSection(ProjectConfigurationPlatforms) = postSolution
		{AAFF3F8C-CE01-BFD7-C595-7DB48F8A3822}.Debug|Any CPU.ActiveCfg = Debug|Any CPU
		{AAFF3F8C-CE01-BFD7-C595-7DB48F8A3822}.Debug|Any CPU.Build.0 = Debug|Any CPU
		{AAFF3F8C-CE01-BFD7-C595-7DB48F8A3822}.Release|Any CPU.ActiveCfg = Release|Any CPU
		{AAFF3F8C-CE01-BFD7-C595-7DB48F8A3822}.Release|Any CPU.Build.0 = Release|Any CPU
	EndGlobalSection
	GlobalSection(SolutionProperties) = preSolution
		HideSolutionNode = FALSE
	EndGlobalSection
EndGlobal
